// !$*UTF8*$!
{
	archiveVersion = 1;
	classes = {
	};
	objectVersion = 51;
	objects = {

/* Begin PBXBuildFile section */
		5AA19B86A859BECB58B55A18 /* Pods_ParstagramTests.framework in Frameworks */ = {isa = PBXBuildFile; fileRef = 5FD9359F42D4D8FD7E6EF05D /* Pods_ParstagramTests.framework */; };
		942428CB2712A6DC001DD582 /* FeedTableViewCell.swift in Sources */ = {isa = PBXBuildFile; fileRef = 942428CA2712A6DC001DD582 /* FeedTableViewCell.swift */; };
		944B07542709F37300FCBA7F /* AppDelegate.swift in Sources */ = {isa = PBXBuildFile; fileRef = 944B07532709F37300FCBA7F /* AppDelegate.swift */; };
		944B07562709F37300FCBA7F /* SceneDelegate.swift in Sources */ = {isa = PBXBuildFile; fileRef = 944B07552709F37300FCBA7F /* SceneDelegate.swift */; };
		944B075B2709F37400FCBA7F /* Main.storyboard in Resources */ = {isa = PBXBuildFile; fileRef = 944B07592709F37400FCBA7F /* Main.storyboard */; };
		944B075D2709F37900FCBA7F /* Assets.xcassets in Resources */ = {isa = PBXBuildFile; fileRef = 944B075C2709F37900FCBA7F /* Assets.xcassets */; };
		944B07602709F37900FCBA7F /* LaunchScreen.storyboard in Resources */ = {isa = PBXBuildFile; fileRef = 944B075E2709F37900FCBA7F /* LaunchScreen.storyboard */; };
		944B076B2709F37900FCBA7F /* ParstagramTests.swift in Sources */ = {isa = PBXBuildFile; fileRef = 944B076A2709F37900FCBA7F /* ParstagramTests.swift */; };
		944B07762709F37900FCBA7F /* ParstagramUITests.swift in Sources */ = {isa = PBXBuildFile; fileRef = 944B07752709F37900FCBA7F /* ParstagramUITests.swift */; };
		945B208B2709F7FC003CED04 /* LoginViewController.swift in Sources */ = {isa = PBXBuildFile; fileRef = 945B208A2709F7FC003CED04 /* LoginViewController.swift */; };
		9469381B270D0F9D009271BF /* RegisterViewController.swift in Sources */ = {isa = PBXBuildFile; fileRef = 9469381A270D0F9D009271BF /* RegisterViewController.swift */; };
		9469381D270D816E009271BF /* CameraViewController.swift in Sources */ = {isa = PBXBuildFile; fileRef = 9469381C270D816E009271BF /* CameraViewController.swift */; };
		9469381F270DE926009271BF /* FeedViewController.swift in Sources */ = {isa = PBXBuildFile; fileRef = 9469381E270DE926009271BF /* FeedViewController.swift */; };
		9C53C6B918597E6444E0DD1D /* Pods_Parstagram.framework in Frameworks */ = {isa = PBXBuildFile; fileRef = 39C7FF07F2E945CA90BFB5B9 /* Pods_Parstagram.framework */; };
		FD962B40106C76129FBD66C8 /* Pods_Parstagram_ParstagramUITests.framework in Frameworks */ = {isa = PBXBuildFile; fileRef = 309CB0E0E12DCF5666B988D5 /* Pods_Parstagram_ParstagramUITests.framework */; };
/* End PBXBuildFile section */

/* Begin PBXContainerItemProxy section */
		944B07672709F37900FCBA7F /* PBXContainerItemProxy */ = {
			isa = PBXContainerItemProxy;
			containerPortal = 944B07482709F37300FCBA7F /* Project object */;
			proxyType = 1;
			remoteGlobalIDString = 944B074F2709F37300FCBA7F;
			remoteInfo = Parstagram;
		};
		944B07722709F37900FCBA7F /* PBXContainerItemProxy */ = {
			isa = PBXContainerItemProxy;
			containerPortal = 944B07482709F37300FCBA7F /* Project object */;
			proxyType = 1;
			remoteGlobalIDString = 944B074F2709F37300FCBA7F;
			remoteInfo = Parstagram;
		};
/* End PBXContainerItemProxy section */

/* Begin PBXFileReference section */
		309CB0E0E12DCF5666B988D5 /* Pods_Parstagram_ParstagramUITests.framework */ = {isa = PBXFileReference; explicitFileType = wrapper.framework; includeInIndex = 0; path = Pods_Parstagram_ParstagramUITests.framework; sourceTree = BUILT_PRODUCTS_DIR; };
		39C7FF07F2E945CA90BFB5B9 /* Pods_Parstagram.framework */ = {isa = PBXFileReference; explicitFileType = wrapper.framework; includeInIndex = 0; path = Pods_Parstagram.framework; sourceTree = BUILT_PRODUCTS_DIR; };
		5FD9359F42D4D8FD7E6EF05D /* Pods_ParstagramTests.framework */ = {isa = PBXFileReference; explicitFileType = wrapper.framework; includeInIndex = 0; path = Pods_ParstagramTests.framework; sourceTree = BUILT_PRODUCTS_DIR; };
		6907D950909CC914E0E8F185 /* Pods-Parstagram.release.xcconfig */ = {isa = PBXFileReference; includeInIndex = 1; lastKnownFileType = text.xcconfig; name = "Pods-Parstagram.release.xcconfig"; path = "Target Support Files/Pods-Parstagram/Pods-Parstagram.release.xcconfig"; sourceTree = "<group>"; };
		83E3754C14DB3B8DF084588A /* Pods-ParstagramTests.release.xcconfig */ = {isa = PBXFileReference; includeInIndex = 1; lastKnownFileType = text.xcconfig; name = "Pods-ParstagramTests.release.xcconfig"; path = "Target Support Files/Pods-ParstagramTests/Pods-ParstagramTests.release.xcconfig"; sourceTree = "<group>"; };
		942428CA2712A6DC001DD582 /* FeedTableViewCell.swift */ = {isa = PBXFileReference; lastKnownFileType = sourcecode.swift; path = FeedTableViewCell.swift; sourceTree = "<group>"; };
		944B07502709F37300FCBA7F /* Parstagram.app */ = {isa = PBXFileReference; explicitFileType = wrapper.application; includeInIndex = 0; path = Parstagram.app; sourceTree = BUILT_PRODUCTS_DIR; };
		944B07532709F37300FCBA7F /* AppDelegate.swift */ = {isa = PBXFileReference; lastKnownFileType = sourcecode.swift; path = AppDelegate.swift; sourceTree = "<group>"; };
		944B07552709F37300FCBA7F /* SceneDelegate.swift */ = {isa = PBXFileReference; lastKnownFileType = sourcecode.swift; path = SceneDelegate.swift; sourceTree = "<group>"; };
		944B075A2709F37400FCBA7F /* Base */ = {isa = PBXFileReference; lastKnownFileType = file.storyboard; name = Base; path = Base.lproj/Main.storyboard; sourceTree = "<group>"; };
		944B075C2709F37900FCBA7F /* Assets.xcassets */ = {isa = PBXFileReference; lastKnownFileType = folder.assetcatalog; path = Assets.xcassets; sourceTree = "<group>"; };
		944B075F2709F37900FCBA7F /* Base */ = {isa = PBXFileReference; lastKnownFileType = file.storyboard; name = Base; path = Base.lproj/LaunchScreen.storyboard; sourceTree = "<group>"; };
		944B07612709F37900FCBA7F /* Info.plist */ = {isa = PBXFileReference; lastKnownFileType = text.plist.xml; path = Info.plist; sourceTree = "<group>"; };
		944B07662709F37900FCBA7F /* ParstagramTests.xctest */ = {isa = PBXFileReference; explicitFileType = wrapper.cfbundle; includeInIndex = 0; path = ParstagramTests.xctest; sourceTree = BUILT_PRODUCTS_DIR; };
		944B076A2709F37900FCBA7F /* ParstagramTests.swift */ = {isa = PBXFileReference; lastKnownFileType = sourcecode.swift; path = ParstagramTests.swift; sourceTree = "<group>"; };
		944B076C2709F37900FCBA7F /* Info.plist */ = {isa = PBXFileReference; lastKnownFileType = text.plist.xml; path = Info.plist; sourceTree = "<group>"; };
		944B07712709F37900FCBA7F /* ParstagramUITests.xctest */ = {isa = PBXFileReference; explicitFileType = wrapper.cfbundle; includeInIndex = 0; path = ParstagramUITests.xctest; sourceTree = BUILT_PRODUCTS_DIR; };
		944B07752709F37900FCBA7F /* ParstagramUITests.swift */ = {isa = PBXFileReference; lastKnownFileType = sourcecode.swift; path = ParstagramUITests.swift; sourceTree = "<group>"; };
		944B07772709F37900FCBA7F /* Info.plist */ = {isa = PBXFileReference; lastKnownFileType = text.plist.xml; path = Info.plist; sourceTree = "<group>"; };
		945B208A2709F7FC003CED04 /* LoginViewController.swift */ = {isa = PBXFileReference; lastKnownFileType = sourcecode.swift; path = LoginViewController.swift; sourceTree = "<group>"; };
		9469381A270D0F9D009271BF /* RegisterViewController.swift */ = {isa = PBXFileReference; lastKnownFileType = sourcecode.swift; path = RegisterViewController.swift; sourceTree = "<group>"; };
		9469381C270D816E009271BF /* CameraViewController.swift */ = {isa = PBXFileReference; lastKnownFileType = sourcecode.swift; path = CameraViewController.swift; sourceTree = "<group>"; };
		9469381E270DE926009271BF /* FeedViewController.swift */ = {isa = PBXFileReference; lastKnownFileType = sourcecode.swift; path = FeedViewController.swift; sourceTree = "<group>"; };
		B2715074D5A7607F0EAD5EF9 /* Pods-Parstagram.debug.xcconfig */ = {isa = PBXFileReference; includeInIndex = 1; lastKnownFileType = text.xcconfig; name = "Pods-Parstagram.debug.xcconfig"; path = "Target Support Files/Pods-Parstagram/Pods-Parstagram.debug.xcconfig"; sourceTree = "<group>"; };
		B79028357565BDB2EF5AEB1D /* Pods-Parstagram-ParstagramUITests.debug.xcconfig */ = {isa = PBXFileReference; includeInIndex = 1; lastKnownFileType = text.xcconfig; name = "Pods-Parstagram-ParstagramUITests.debug.xcconfig"; path = "Target Support Files/Pods-Parstagram-ParstagramUITests/Pods-Parstagram-ParstagramUITests.debug.xcconfig"; sourceTree = "<group>"; };
		D4DCBCCD65B1530700774C21 /* Pods-ParstagramTests.debug.xcconfig */ = {isa = PBXFileReference; includeInIndex = 1; lastKnownFileType = text.xcconfig; name = "Pods-ParstagramTests.debug.xcconfig"; path = "Target Support Files/Pods-ParstagramTests/Pods-ParstagramTests.debug.xcconfig"; sourceTree = "<group>"; };
		DF62B50799809EB8C9413EFF /* Pods-Parstagram-ParstagramUITests.release.xcconfig */ = {isa = PBXFileReference; includeInIndex = 1; lastKnownFileType = text.xcconfig; name = "Pods-Parstagram-ParstagramUITests.release.xcconfig"; path = "Target Support Files/Pods-Parstagram-ParstagramUITests/Pods-Parstagram-ParstagramUITests.release.xcconfig"; sourceTree = "<group>"; };
/* End PBXFileReference section */

/* Begin PBXFrameworksBuildPhase section */
		944B074D2709F37300FCBA7F /* Frameworks */ = {
			isa = PBXFrameworksBuildPhase;
			buildActionMask = 2147483647;
			files = (
				9C53C6B918597E6444E0DD1D /* Pods_Parstagram.framework in Frameworks */,
			);
			runOnlyForDeploymentPostprocessing = 0;
		};
		944B07632709F37900FCBA7F /* Frameworks */ = {
			isa = PBXFrameworksBuildPhase;
			buildActionMask = 2147483647;
			files = (
				5AA19B86A859BECB58B55A18 /* Pods_ParstagramTests.framework in Frameworks */,
			);
			runOnlyForDeploymentPostprocessing = 0;
		};
		944B076E2709F37900FCBA7F /* Frameworks */ = {
			isa = PBXFrameworksBuildPhase;
			buildActionMask = 2147483647;
			files = (
				FD962B40106C76129FBD66C8 /* Pods_Parstagram_ParstagramUITests.framework in Frameworks */,
			);
			runOnlyForDeploymentPostprocessing = 0;
		};
/* End PBXFrameworksBuildPhase section */

/* Begin PBXGroup section */
		62009377E6585FFD554A3C4C /* Frameworks */ = {
			isa = PBXGroup;
			children = (
				39C7FF07F2E945CA90BFB5B9 /* Pods_Parstagram.framework */,
				309CB0E0E12DCF5666B988D5 /* Pods_Parstagram_ParstagramUITests.framework */,
				5FD9359F42D4D8FD7E6EF05D /* Pods_ParstagramTests.framework */,
			);
			name = Frameworks;
			sourceTree = "<group>";
		};
		8F1BB41959C0C9BB3BF8378F /* Pods */ = {
			isa = PBXGroup;
			children = (
				B2715074D5A7607F0EAD5EF9 /* Pods-Parstagram.debug.xcconfig */,
				6907D950909CC914E0E8F185 /* Pods-Parstagram.release.xcconfig */,
				B79028357565BDB2EF5AEB1D /* Pods-Parstagram-ParstagramUITests.debug.xcconfig */,
				DF62B50799809EB8C9413EFF /* Pods-Parstagram-ParstagramUITests.release.xcconfig */,
				D4DCBCCD65B1530700774C21 /* Pods-ParstagramTests.debug.xcconfig */,
				83E3754C14DB3B8DF084588A /* Pods-ParstagramTests.release.xcconfig */,
			);
			path = Pods;
			sourceTree = "<group>";
		};
		944B07472709F37300FCBA7F = {
			isa = PBXGroup;
			children = (
				944B07522709F37300FCBA7F /* Parstagram */,
				944B07692709F37900FCBA7F /* ParstagramTests */,
				944B07742709F37900FCBA7F /* ParstagramUITests */,
				944B07512709F37300FCBA7F /* Products */,
				8F1BB41959C0C9BB3BF8378F /* Pods */,
				62009377E6585FFD554A3C4C /* Frameworks */,
			);
			sourceTree = "<group>";
		};
		944B07512709F37300FCBA7F /* Products */ = {
			isa = PBXGroup;
			children = (
				944B07502709F37300FCBA7F /* Parstagram.app */,
				944B07662709F37900FCBA7F /* ParstagramTests.xctest */,
				944B07712709F37900FCBA7F /* ParstagramUITests.xctest */,
			);
			name = Products;
			sourceTree = "<group>";
		};
		944B07522709F37300FCBA7F /* Parstagram */ = {
			isa = PBXGroup;
			children = (
				944B07532709F37300FCBA7F /* AppDelegate.swift */,
				944B07552709F37300FCBA7F /* SceneDelegate.swift */,
				944B07592709F37400FCBA7F /* Main.storyboard */,
				944B075C2709F37900FCBA7F /* Assets.xcassets */,
				944B075E2709F37900FCBA7F /* LaunchScreen.storyboard */,
				944B07612709F37900FCBA7F /* Info.plist */,
				945B208A2709F7FC003CED04 /* LoginViewController.swift */,
				9469381A270D0F9D009271BF /* RegisterViewController.swift */,
				9469381C270D816E009271BF /* CameraViewController.swift */,
				9469381E270DE926009271BF /* FeedViewController.swift */,
				942428CA2712A6DC001DD582 /* FeedTableViewCell.swift */,
			);
			path = Parstagram;
			sourceTree = "<group>";
		};
		944B07692709F37900FCBA7F /* ParstagramTests */ = {
			isa = PBXGroup;
			children = (
				944B076A2709F37900FCBA7F /* ParstagramTests.swift */,
				944B076C2709F37900FCBA7F /* Info.plist */,
			);
			path = ParstagramTests;
			sourceTree = "<group>";
		};
		944B07742709F37900FCBA7F /* ParstagramUITests */ = {
			isa = PBXGroup;
			children = (
				944B07752709F37900FCBA7F /* ParstagramUITests.swift */,
				944B07772709F37900FCBA7F /* Info.plist */,
			);
			path = ParstagramUITests;
			sourceTree = "<group>";
		};
/* End PBXGroup section */

/* Begin PBXNativeTarget section */
		944B074F2709F37300FCBA7F /* Parstagram */ = {
			isa = PBXNativeTarget;
			buildConfigurationList = 944B077A2709F37900FCBA7F /* Build configuration list for PBXNativeTarget "Parstagram" */;
			buildPhases = (
				ADAF4535ED3383AB65013C7D /* [CP] Check Pods Manifest.lock */,
				944B074C2709F37300FCBA7F /* Sources */,
				944B074D2709F37300FCBA7F /* Frameworks */,
				944B074E2709F37300FCBA7F /* Resources */,
				E168E78F67A4CC09DF59D787 /* [CP] Embed Pods Frameworks */,
			);
			buildRules = (
			);
			dependencies = (
			);
			name = Parstagram;
			productName = Parstagram;
			productReference = 944B07502709F37300FCBA7F /* Parstagram.app */;
			productType = "com.apple.product-type.application";
		};
		944B07652709F37900FCBA7F /* ParstagramTests */ = {
			isa = PBXNativeTarget;
			buildConfigurationList = 944B077D2709F37900FCBA7F /* Build configuration list for PBXNativeTarget "ParstagramTests" */;
			buildPhases = (
				4804FC4F7BF154B4EF543B93 /* [CP] Check Pods Manifest.lock */,
				944B07622709F37900FCBA7F /* Sources */,
				944B07632709F37900FCBA7F /* Frameworks */,
				944B07642709F37900FCBA7F /* Resources */,
			);
			buildRules = (
			);
			dependencies = (
				944B07682709F37900FCBA7F /* PBXTargetDependency */,
			);
			name = ParstagramTests;
			productName = ParstagramTests;
			productReference = 944B07662709F37900FCBA7F /* ParstagramTests.xctest */;
			productType = "com.apple.product-type.bundle.unit-test";
		};
		944B07702709F37900FCBA7F /* ParstagramUITests */ = {
			isa = PBXNativeTarget;
			buildConfigurationList = 944B07802709F37900FCBA7F /* Build configuration list for PBXNativeTarget "ParstagramUITests" */;
			buildPhases = (
				7B703E88A1890177AE004EB4 /* [CP] Check Pods Manifest.lock */,
				944B076D2709F37900FCBA7F /* Sources */,
				944B076E2709F37900FCBA7F /* Frameworks */,
				944B076F2709F37900FCBA7F /* Resources */,
				9043BD0C162E7EF3A16E7167 /* [CP] Embed Pods Frameworks */,
			);
			buildRules = (
			);
			dependencies = (
				944B07732709F37900FCBA7F /* PBXTargetDependency */,
			);
			name = ParstagramUITests;
			productName = ParstagramUITests;
			productReference = 944B07712709F37900FCBA7F /* ParstagramUITests.xctest */;
			productType = "com.apple.product-type.bundle.ui-testing";
		};
/* End PBXNativeTarget section */

/* Begin PBXProject section */
		944B07482709F37300FCBA7F /* Project object */ = {
			isa = PBXProject;
			attributes = {
				LastSwiftUpdateCheck = 1250;
				LastUpgradeCheck = 1250;
				TargetAttributes = {
					944B074F2709F37300FCBA7F = {
						CreatedOnToolsVersion = 12.5.1;
					};
					944B07652709F37900FCBA7F = {
						CreatedOnToolsVersion = 12.5.1;
						TestTargetID = 944B074F2709F37300FCBA7F;
					};
					944B07702709F37900FCBA7F = {
						CreatedOnToolsVersion = 12.5.1;
						TestTargetID = 944B074F2709F37300FCBA7F;
					};
				};
			};
			buildConfigurationList = 944B074B2709F37300FCBA7F /* Build configuration list for PBXProject "Parstagram" */;
			compatibilityVersion = "Xcode 9.3";
			developmentRegion = en;
			hasScannedForEncodings = 0;
			knownRegions = (
				en,
				Base,
			);
			mainGroup = 944B07472709F37300FCBA7F;
			productRefGroup = 944B07512709F37300FCBA7F /* Products */;
			projectDirPath = "";
			projectRoot = "";
			targets = (
				944B074F2709F37300FCBA7F /* Parstagram */,
				944B07652709F37900FCBA7F /* ParstagramTests */,
				944B07702709F37900FCBA7F /* ParstagramUITests */,
			);
		};
/* End PBXProject section */

/* Begin PBXResourcesBuildPhase section */
		944B074E2709F37300FCBA7F /* Resources */ = {
			isa = PBXResourcesBuildPhase;
			buildActionMask = 2147483647;
			files = (
				944B07602709F37900FCBA7F /* LaunchScreen.storyboard in Resources */,
				944B075D2709F37900FCBA7F /* Assets.xcassets in Resources */,
				944B075B2709F37400FCBA7F /* Main.storyboard in Resources */,
			);
			runOnlyForDeploymentPostprocessing = 0;
		};
		944B07642709F37900FCBA7F /* Resources */ = {
			isa = PBXResourcesBuildPhase;
			buildActionMask = 2147483647;
			files = (
			);
			runOnlyForDeploymentPostprocessing = 0;
		};
		944B076F2709F37900FCBA7F /* Resources */ = {
			isa = PBXResourcesBuildPhase;
			buildActionMask = 2147483647;
			files = (
			);
			runOnlyForDeploymentPostprocessing = 0;
		};
/* End PBXResourcesBuildPhase section */

/* Begin PBXShellScriptBuildPhase section */
		4804FC4F7BF154B4EF543B93 /* [CP] Check Pods Manifest.lock */ = {
			isa = PBXShellScriptBuildPhase;
			buildActionMask = 2147483647;
			files = (
			);
			inputFileListPaths = (
			);
			inputPaths = (
				"${PODS_PODFILE_DIR_PATH}/Podfile.lock",
				"${PODS_ROOT}/Manifest.lock",
			);
			name = "[CP] Check Pods Manifest.lock";
			outputFileListPaths = (
			);
			outputPaths = (
				"$(DERIVED_FILE_DIR)/Pods-ParstagramTests-checkManifestLockResult.txt",
			);
			runOnlyForDeploymentPostprocessing = 0;
			shellPath = /bin/sh;
			shellScript = "diff \"${PODS_PODFILE_DIR_PATH}/Podfile.lock\" \"${PODS_ROOT}/Manifest.lock\" > /dev/null\nif [ $? != 0 ] ; then\n    # print error to STDERR\n    echo \"error: The sandbox is not in sync with the Podfile.lock. Run 'pod install' or update your CocoaPods installation.\" >&2\n    exit 1\nfi\n# This output is used by Xcode 'outputs' to avoid re-running this script phase.\necho \"SUCCESS\" > \"${SCRIPT_OUTPUT_FILE_0}\"\n";
			showEnvVarsInLog = 0;
		};
		7B703E88A1890177AE004EB4 /* [CP] Check Pods Manifest.lock */ = {
			isa = PBXShellScriptBuildPhase;
			buildActionMask = 2147483647;
			files = (
			);
			inputFileListPaths = (
			);
			inputPaths = (
				"${PODS_PODFILE_DIR_PATH}/Podfile.lock",
				"${PODS_ROOT}/Manifest.lock",
			);
			name = "[CP] Check Pods Manifest.lock";
			outputFileListPaths = (
			);
			outputPaths = (
				"$(DERIVED_FILE_DIR)/Pods-Parstagram-ParstagramUITests-checkManifestLockResult.txt",
			);
			runOnlyForDeploymentPostprocessing = 0;
			shellPath = /bin/sh;
			shellScript = "diff \"${PODS_PODFILE_DIR_PATH}/Podfile.lock\" \"${PODS_ROOT}/Manifest.lock\" > /dev/null\nif [ $? != 0 ] ; then\n    # print error to STDERR\n    echo \"error: The sandbox is not in sync with the Podfile.lock. Run 'pod install' or update your CocoaPods installation.\" >&2\n    exit 1\nfi\n# This output is used by Xcode 'outputs' to avoid re-running this script phase.\necho \"SUCCESS\" > \"${SCRIPT_OUTPUT_FILE_0}\"\n";
			showEnvVarsInLog = 0;
		};
		9043BD0C162E7EF3A16E7167 /* [CP] Embed Pods Frameworks */ = {
			isa = PBXShellScriptBuildPhase;
			buildActionMask = 2147483647;
			files = (
			);
			inputFileListPaths = (
				"${PODS_ROOT}/Target Support Files/Pods-Parstagram-ParstagramUITests/Pods-Parstagram-ParstagramUITests-frameworks-${CONFIGURATION}-input-files.xcfilelist",
			);
			name = "[CP] Embed Pods Frameworks";
			outputFileListPaths = (
				"${PODS_ROOT}/Target Support Files/Pods-Parstagram-ParstagramUITests/Pods-Parstagram-ParstagramUITests-frameworks-${CONFIGURATION}-output-files.xcfilelist",
			);
			runOnlyForDeploymentPostprocessing = 0;
			shellPath = /bin/sh;
			shellScript = "\"${PODS_ROOT}/Target Support Files/Pods-Parstagram-ParstagramUITests/Pods-Parstagram-ParstagramUITests-frameworks.sh\"\n";
			showEnvVarsInLog = 0;
		};
		ADAF4535ED3383AB65013C7D /* [CP] Check Pods Manifest.lock */ = {
			isa = PBXShellScriptBuildPhase;
			buildActionMask = 2147483647;
			files = (
			);
			inputFileListPaths = (
			);
			inputPaths = (
				"${PODS_PODFILE_DIR_PATH}/Podfile.lock",
				"${PODS_ROOT}/Manifest.lock",
			);
			name = "[CP] Check Pods Manifest.lock";
			outputFileListPaths = (
			);
			outputPaths = (
				"$(DERIVED_FILE_DIR)/Pods-Parstagram-checkManifestLockResult.txt",
			);
			runOnlyForDeploymentPostprocessing = 0;
			shellPath = /bin/sh;
			shellScript = "diff \"${PODS_PODFILE_DIR_PATH}/Podfile.lock\" \"${PODS_ROOT}/Manifest.lock\" > /dev/null\nif [ $? != 0 ] ; then\n    # print error to STDERR\n    echo \"error: The sandbox is not in sync with the Podfile.lock. Run 'pod install' or update your CocoaPods installation.\" >&2\n    exit 1\nfi\n# This output is used by Xcode 'outputs' to avoid re-running this script phase.\necho \"SUCCESS\" > \"${SCRIPT_OUTPUT_FILE_0}\"\n";
			showEnvVarsInLog = 0;
		};
		E168E78F67A4CC09DF59D787 /* [CP] Embed Pods Frameworks */ = {
			isa = PBXShellScriptBuildPhase;
			buildActionMask = 2147483647;
			files = (
			);
			inputFileListPaths = (
				"${PODS_ROOT}/Target Support Files/Pods-Parstagram/Pods-Parstagram-frameworks-${CONFIGURATION}-input-files.xcfilelist",
			);
			name = "[CP] Embed Pods Frameworks";
			outputFileListPaths = (
				"${PODS_ROOT}/Target Support Files/Pods-Parstagram/Pods-Parstagram-frameworks-${CONFIGURATION}-output-files.xcfilelist",
			);
			runOnlyForDeploymentPostprocessing = 0;
			shellPath = /bin/sh;
			shellScript = "\"${PODS_ROOT}/Target Support Files/Pods-Parstagram/Pods-Parstagram-frameworks.sh\"\n";
			showEnvVarsInLog = 0;
		};
/* End PBXShellScriptBuildPhase section */

/* Begin PBXSourcesBuildPhase section */
		944B074C2709F37300FCBA7F /* Sources */ = {
			isa = PBXSourcesBuildPhase;
			buildActionMask = 2147483647;
			files = (
				945B208B2709F7FC003CED04 /* LoginViewController.swift in Sources */,
				9469381D270D816E009271BF /* CameraViewController.swift in Sources */,
				942428CB2712A6DC001DD582 /* FeedTableViewCell.swift in Sources */,
				944B07542709F37300FCBA7F /* AppDelegate.swift in Sources */,
				944B07562709F37300FCBA7F /* SceneDelegate.swift in Sources */,
				9469381F270DE926009271BF /* FeedViewController.swift in Sources */,
				9469381B270D0F9D009271BF /* RegisterViewController.swift in Sources */,
			);
			runOnlyForDeploymentPostprocessing = 0;
		};
		944B07622709F37900FCBA7F /* Sources */ = {
			isa = PBXSourcesBuildPhase;
			buildActionMask = 2147483647;
			files = (
				944B076B2709F37900FCBA7F /* ParstagramTests.swift in Sources */,
			);
			runOnlyForDeploymentPostprocessing = 0;
		};
		944B076D2709F37900FCBA7F /* Sources */ = {
			isa = PBXSourcesBuildPhase;
			buildActionMask = 2147483647;
			files = (
				944B07762709F37900FCBA7F /* ParstagramUITests.swift in Sources */,
			);
			runOnlyForDeploymentPostprocessing = 0;
		};
/* End PBXSourcesBuildPhase section */

/* Begin PBXTargetDependency section */
		944B07682709F37900FCBA7F /* PBXTargetDependency */ = {
			isa = PBXTargetDependency;
			target = 944B074F2709F37300FCBA7F /* Parstagram */;
			targetProxy = 944B07672709F37900FCBA7F /* PBXContainerItemProxy */;
		};
		944B07732709F37900FCBA7F /* PBXTargetDependency */ = {
			isa = PBXTargetDependency;
			target = 944B074F2709F37300FCBA7F /* Parstagram */;
			targetProxy = 944B07722709F37900FCBA7F /* PBXContainerItemProxy */;
		};
/* End PBXTargetDependency section */

/* Begin PBXVariantGroup section */
		944B07592709F37400FCBA7F /* Main.storyboard */ = {
			isa = PBXVariantGroup;
			children = (
				944B075A2709F37400FCBA7F /* Base */,
			);
			name = Main.storyboard;
			sourceTree = "<group>";
		};
		944B075E2709F37900FCBA7F /* LaunchScreen.storyboard */ = {
			isa = PBXVariantGroup;
			children = (
				944B075F2709F37900FCBA7F /* Base */,
			);
			name = LaunchScreen.storyboard;
			sourceTree = "<group>";
		};
/* End PBXVariantGroup section */

/* Begin XCBuildConfiguration section */
		944B07782709F37900FCBA7F /* Debug */ = {
			isa = XCBuildConfiguration;
			buildSettings = {
				ALWAYS_SEARCH_USER_PATHS = NO;
				CLANG_ANALYZER_NONNULL = YES;
				CLANG_ANALYZER_NUMBER_OBJECT_CONVERSION = YES_AGGRESSIVE;
				CLANG_CXX_LANGUAGE_STANDARD = "gnu++14";
				CLANG_CXX_LIBRARY = "libc++";
				CLANG_ENABLE_MODULES = YES;
				CLANG_ENABLE_OBJC_ARC = YES;
				CLANG_ENABLE_OBJC_WEAK = YES;
				CLANG_WARN_BLOCK_CAPTURE_AUTORELEASING = YES;
				CLANG_WARN_BOOL_CONVERSION = YES;
				CLANG_WARN_COMMA = YES;
				CLANG_WARN_CONSTANT_CONVERSION = YES;
				CLANG_WARN_DEPRECATED_OBJC_IMPLEMENTATIONS = YES;
				CLANG_WARN_DIRECT_OBJC_ISA_USAGE = YES_ERROR;
				CLANG_WARN_DOCUMENTATION_COMMENTS = YES;
				CLANG_WARN_EMPTY_BODY = YES;
				CLANG_WARN_ENUM_CONVERSION = YES;
				CLANG_WARN_INFINITE_RECURSION = YES;
				CLANG_WARN_INT_CONVERSION = YES;
				CLANG_WARN_NON_LITERAL_NULL_CONVERSION = YES;
				CLANG_WARN_OBJC_IMPLICIT_RETAIN_SELF = YES;
				CLANG_WARN_OBJC_LITERAL_CONVERSION = YES;
				CLANG_WARN_OBJC_ROOT_CLASS = YES_ERROR;
				CLANG_WARN_QUOTED_INCLUDE_IN_FRAMEWORK_HEADER = YES;
				CLANG_WARN_RANGE_LOOP_ANALYSIS = YES;
				CLANG_WARN_STRICT_PROTOTYPES = YES;
				CLANG_WARN_SUSPICIOUS_MOVE = YES;
				CLANG_WARN_UNGUARDED_AVAILABILITY = YES_AGGRESSIVE;
				CLANG_WARN_UNREACHABLE_CODE = YES;
				CLANG_WARN__DUPLICATE_METHOD_MATCH = YES;
				COPY_PHASE_STRIP = NO;
				DEBUG_INFORMATION_FORMAT = dwarf;
				ENABLE_STRICT_OBJC_MSGSEND = YES;
				ENABLE_TESTABILITY = YES;
				GCC_C_LANGUAGE_STANDARD = gnu11;
				GCC_DYNAMIC_NO_PIC = NO;
				GCC_NO_COMMON_BLOCKS = YES;
				GCC_OPTIMIZATION_LEVEL = 0;
				GCC_PREPROCESSOR_DEFINITIONS = (
					"DEBUG=1",
					"$(inherited)",
				);
				GCC_WARN_64_TO_32_BIT_CONVERSION = YES;
				GCC_WARN_ABOUT_RETURN_TYPE = YES_ERROR;
				GCC_WARN_UNDECLARED_SELECTOR = YES;
				GCC_WARN_UNINITIALIZED_AUTOS = YES_AGGRESSIVE;
				GCC_WARN_UNUSED_FUNCTION = YES;
				GCC_WARN_UNUSED_VARIABLE = YES;
				IPHONEOS_DEPLOYMENT_TARGET = 14.5;
				MTL_ENABLE_DEBUG_INFO = INCLUDE_SOURCE;
				MTL_FAST_MATH = YES;
				ONLY_ACTIVE_ARCH = YES;
				SDKROOT = iphoneos;
				SWIFT_ACTIVE_COMPILATION_CONDITIONS = DEBUG;
				SWIFT_OPTIMIZATION_LEVEL = "-Onone";
			};
			name = Debug;
		};
		944B07792709F37900FCBA7F /* Release */ = {
			isa = XCBuildConfiguration;
			buildSettings = {
				ALWAYS_SEARCH_USER_PATHS = NO;
				CLANG_ANALYZER_NONNULL = YES;
				CLANG_ANALYZER_NUMBER_OBJECT_CONVERSION = YES_AGGRESSIVE;
				CLANG_CXX_LANGUAGE_STANDARD = "gnu++14";
				CLANG_CXX_LIBRARY = "libc++";
				CLANG_ENABLE_MODULES = YES;
				CLANG_ENABLE_OBJC_ARC = YES;
				CLANG_ENABLE_OBJC_WEAK = YES;
				CLANG_WARN_BLOCK_CAPTURE_AUTORELEASING = YES;
				CLANG_WARN_BOOL_CONVERSION = YES;
				CLANG_WARN_COMMA = YES;
				CLANG_WARN_CONSTANT_CONVERSION = YES;
				CLANG_WARN_DEPRECATED_OBJC_IMPLEMENTATIONS = YES;
				CLANG_WARN_DIRECT_OBJC_ISA_USAGE = YES_ERROR;
				CLANG_WARN_DOCUMENTATION_COMMENTS = YES;
				CLANG_WARN_EMPTY_BODY = YES;
				CLANG_WARN_ENUM_CONVERSION = YES;
				CLANG_WARN_INFINITE_RECURSION = YES;
				CLANG_WARN_INT_CONVERSION = YES;
				CLANG_WARN_NON_LITERAL_NULL_CONVERSION = YES;
				CLANG_WARN_OBJC_IMPLICIT_RETAIN_SELF = YES;
				CLANG_WARN_OBJC_LITERAL_CONVERSION = YES;
				CLANG_WARN_OBJC_ROOT_CLASS = YES_ERROR;
				CLANG_WARN_QUOTED_INCLUDE_IN_FRAMEWORK_HEADER = YES;
				CLANG_WARN_RANGE_LOOP_ANALYSIS = YES;
				CLANG_WARN_STRICT_PROTOTYPES = YES;
				CLANG_WARN_SUSPICIOUS_MOVE = YES;
				CLANG_WARN_UNGUARDED_AVAILABILITY = YES_AGGRESSIVE;
				CLANG_WARN_UNREACHABLE_CODE = YES;
				CLANG_WARN__DUPLICATE_METHOD_MATCH = YES;
				COPY_PHASE_STRIP = NO;
				DEBUG_INFORMATION_FORMAT = "dwarf-with-dsym";
				ENABLE_NS_ASSERTIONS = NO;
				ENABLE_STRICT_OBJC_MSGSEND = YES;
				GCC_C_LANGUAGE_STANDARD = gnu11;
				GCC_NO_COMMON_BLOCKS = YES;
				GCC_WARN_64_TO_32_BIT_CONVERSION = YES;
				GCC_WARN_ABOUT_RETURN_TYPE = YES_ERROR;
				GCC_WARN_UNDECLARED_SELECTOR = YES;
				GCC_WARN_UNINITIALIZED_AUTOS = YES_AGGRESSIVE;
				GCC_WARN_UNUSED_FUNCTION = YES;
				GCC_WARN_UNUSED_VARIABLE = YES;
				IPHONEOS_DEPLOYMENT_TARGET = 14.5;
				MTL_ENABLE_DEBUG_INFO = NO;
				MTL_FAST_MATH = YES;
				SDKROOT = iphoneos;
				SWIFT_COMPILATION_MODE = wholemodule;
				SWIFT_OPTIMIZATION_LEVEL = "-O";
				VALIDATE_PRODUCT = YES;
			};
			name = Release;
		};
		944B077B2709F37900FCBA7F /* Debug */ = {
			isa = XCBuildConfiguration;
			baseConfigurationReference = B2715074D5A7607F0EAD5EF9 /* Pods-Parstagram.debug.xcconfig */;
			buildSettings = {
				ASSETCATALOG_COMPILER_APPICON_NAME = AppIcon;
				ASSETCATALOG_COMPILER_GLOBAL_ACCENT_COLOR_NAME = AccentColor;
				CODE_SIGN_STYLE = Automatic;
				DEVELOPMENT_TEAM = DFVXB3MKK6;
				INFOPLIST_FILE = Parstagram/Info.plist;
				LD_RUNPATH_SEARCH_PATHS = (
					"$(inherited)",
					"@executable_path/Frameworks",
				);
				PRODUCT_BUNDLE_IDENTIFIER = yzfu0426.com.Parstagram;
				PRODUCT_NAME = "$(TARGET_NAME)";
				SWIFT_VERSION = 5.0;
				TARGETED_DEVICE_FAMILY = "1,2";
			};
			name = Debug;
		};
		944B077C2709F37900FCBA7F /* Release */ = {
			isa = XCBuildConfiguration;
			baseConfigurationReference = 6907D950909CC914E0E8F185 /* Pods-Parstagram.release.xcconfig */;
			buildSettings = {
				ASSETCATALOG_COMPILER_APPICON_NAME = AppIcon;
				ASSETCATALOG_COMPILER_GLOBAL_ACCENT_COLOR_NAME = AccentColor;
				CODE_SIGN_STYLE = Automatic;
				DEVELOPMENT_TEAM = DFVXB3MKK6;
				INFOPLIST_FILE = Parstagram/Info.plist;
				LD_RUNPATH_SEARCH_PATHS = (
					"$(inherited)",
					"@executable_path/Frameworks",
				);
				PRODUCT_BUNDLE_IDENTIFIER = yzfu0426.com.Parstagram;
				PRODUCT_NAME = "$(TARGET_NAME)";
				SWIFT_VERSION = 5.0;
				TARGETED_DEVICE_FAMILY = "1,2";
			};
			name = Release;
		};
		944B077E2709F37900FCBA7F /* Debug */ = {
			isa = XCBuildConfiguration;
			baseConfigurationReference = D4DCBCCD65B1530700774C21 /* Pods-ParstagramTests.debug.xcconfig */;
			buildSettings = {
				ALWAYS_EMBED_SWIFT_STANDARD_LIBRARIES = YES;
				BUNDLE_LOADER = "$(TEST_HOST)";
				CODE_SIGN_STYLE = Automatic;
				DEVELOPMENT_TEAM = DFVXB3MKK6;
				INFOPLIST_FILE = ParstagramTests/Info.plist;
				IPHONEOS_DEPLOYMENT_TARGET = 14.5;
				LD_RUNPATH_SEARCH_PATHS = (
					"$(inherited)",
					"@executable_path/Frameworks",
					"@loader_path/Frameworks",
				);
				PRODUCT_BUNDLE_IDENTIFIER = yzfu0426.com.ParstagramTests;
				PRODUCT_NAME = "$(TARGET_NAME)";
				SWIFT_VERSION = 5.0;
				TARGETED_DEVICE_FAMILY = "1,2";
				TEST_HOST = "$(BUILT_PRODUCTS_DIR)/Parstagram.app/Parstagram";
			};
			name = Debug;
		};
		944B077F2709F37900FCBA7F /* Release */ = {
			isa = XCBuildConfiguration;
			baseConfigurationReference = 83E3754C14DB3B8DF084588A /* Pods-ParstagramTests.release.xcconfig */;
			buildSettings = {
				ALWAYS_EMBED_SWIFT_STANDARD_LIBRARIES = YES;
				BUNDLE_LOADER = "$(TEST_HOST)";
				CODE_SIGN_STYLE = Automatic;
				DEVELOPMENT_TEAM = DFVXB3MKK6;
				INFOPLIST_FILE = ParstagramTests/Info.plist;
				IPHONEOS_DEPLOYMENT_TARGET = 14.5;
				LD_RUNPATH_SEARCH_PATHS = (
					"$(inherited)",
					"@executable_path/Frameworks",
					"@loader_path/Frameworks",
				);
				PRODUCT_BUNDLE_IDENTIFIER = yzfu0426.com.ParstagramTests;
				PRODUCT_NAME = "$(TARGET_NAME)";
				SWIFT_VERSION = 5.0;
				TARGETED_DEVICE_FAMILY = "1,2";
				TEST_HOST = "$(BUILT_PRODUCTS_DIR)/Parstagram.app/Parstagram";
			};
			name = Release;
		};
		944B07812709F37900FCBA7F /* Debug */ = {
			isa = XCBuildConfiguration;
			baseConfigurationReference = B79028357565BDB2EF5AEB1D /* Pods-Parstagram-ParstagramUITests.debug.xcconfig */;
			buildSettings = {
				ALWAYS_EMBED_SWIFT_STANDARD_LIBRARIES = "$(inherited)";
				CODE_SIGN_STYLE = Automatic;
				DEVELOPMENT_TEAM = DFVXB3MKK6;
				INFOPLIST_FILE = ParstagramUITests/Info.plist;
				LD_RUNPATH_SEARCH_PATHS = (
					"$(inherited)",
					"@executable_path/Frameworks",
					"@loader_path/Frameworks",
				);
				PRODUCT_BUNDLE_IDENTIFIER = yzfu0426.com.ParstagramUITests;
				PRODUCT_NAME = "$(TARGET_NAME)";
				SWIFT_VERSION = 5.0;
				TARGETED_DEVICE_FAMILY = "1,2";
				TEST_TARGET_NAME = Parstagram;
			};
			name = Debug;
		};
		944B07822709F37900FCBA7F /* Release */ = {
			isa = XCBuildConfiguration;
			baseConfigurationReference = DF62B50799809EB8C9413EFF /* Pods-Parstagram-ParstagramUITests.release.xcconfig */;
			buildSettings = {
				ALWAYS_EMBED_SWIFT_STANDARD_LIBRARIES = "$(inherited)";
				CODE_SIGN_STYLE = Automatic;
				DEVELOPMENT_TEAM = DFVXB3MKK6;
				INFOPLIST_FILE = ParstagramUITests/Info.plist;
				LD_RUNPATH_SEARCH_PATHS = (
					"$(inherited)",
					"@executable_path/Frameworks",
					"@loader_path/Frameworks",
				);
				PRODUCT_BUNDLE_IDENTIFIER = yzfu0426.com.ParstagramUITests;
				PRODUCT_NAME = "$(TARGET_NAME)";
				SWIFT_VERSION = 5.0;
				TARGETED_DEVICE_FAMILY = "1,2";
				TEST_TARGET_NAME = Parstagram;
			};
			name = Release;
		};
/* End XCBuildConfiguration section */

/* Begin XCConfigurationList section */
		944B074B2709F37300FCBA7F /* Build configuration list for PBXProject "Parstagram" */ = {
			isa = XCConfigurationList;
			buildConfigurations = (
				944B07782709F37900FCBA7F /* Debug */,
				944B07792709F37900FCBA7F /* Release */,
			);
			defaultConfigurationIsVisible = 0;
			defaultConfigurationName = Release;
		};
		944B077A2709F37900FCBA7F /* Build configuration list for PBXNativeTarget "Parstagram" */ = {
			isa = XCConfigurationList;
			buildConfigurations = (
				944B077B2709F37900FCBA7F /* Debug */,
				944B077C2709F37900FCBA7F /* Release */,
			);
			defaultConfigurationIsVisible = 0;
			defaultConfigurationName = Release;
		};
		944B077D2709F37900FCBA7F /* Build configuration list for PBXNativeTarget "ParstagramTests" */ = {
			isa = XCConfigurationList;
			buildConfigurations = (
				944B077E2709F37900FCBA7F /* Debug */,
				944B077F2709F37900FCBA7F /* Release */,
			);
			defaultConfigurationIsVisible = 0;
			defaultConfigurationName = Release;
		};
		944B07802709F37900FCBA7F /* Build configuration list for PBXNativeTarget "ParstagramUITests" */ = {
			isa = XCConfigurationList;
			buildConfigurations = (
				944B07812709F37900FCBA7F /* Debug */,
				944B07822709F37900FCBA7F /* Release */,
			);
			defaultConfigurationIsVisible = 0;
			defaultConfigurationName = Release;
		};
/* End XCConfigurationList section */
	};
	rootObject = 944B07482709F37300FCBA7F /* Project object */;
}
